
Microsoft Visual Studio Solution File, Format Version 12.00
# Visual Studio Version 17
VisualStudioVersion = 17.8.34330.188
MinimumVisualStudioVersion = 10.0.40219.1
Project("{FAE04EC0-301F-11D3-BF4B-00C04F79EFBC}") = "Screen-Info", "Screen-Info\Screen-Info.csproj", "{DE717A78-F5CE-41C8-9964-4DAB4FB3C151}"
EndProject
Global
	GlobalSection(SolutionConfigurationPlatforms) = preSolution
		Debug|Any CPU = Debug|Any CPU
		Release|Any CPU = Release|Any CPU
	EndGlobalSection
	GlobalSection(ProjectConfigurationPlatforms) = postSolution
		{DE717A78-F5CE-41C8-9964-4DAB4FB3C151}.Debug|Any CPU.ActiveCfg = Debug|Any CPU
		{DE717A78-F5CE-41C8-9964-4DAB4FB3C151}.Debug|Any CPU.Build.0 = Debug|Any CPU
		{DE717A78-F5CE-41C8-9964-4DAB4FB3C151}.Release|Any CPU.ActiveCfg = Release|Any CPU
		{DE717A78-F5CE-41C8-9964-4DAB4FB3C151}.Release|Any CPU.Build.0 = Release|Any CPU
	EndGlobalSection
	GlobalSection(SolutionProperties) = preSolution
		HideSolutionNode = FALSE
	EndGlobalSection
	GlobalSection(ExtensibilityGlobals) = postSolution
		SolutionGuid = {2C539F2B-3FDF-4DDF-A89B-03D5CFE666C0}
	EndGlobalSection
EndGlobal
